
Microsoft Visual Studio Solution File, Format Version 12.00
# Visual Studio Version 17
VisualStudioVersion = 17.14.36429.23 d17.14
MinimumVisualStudioVersion = 10.0.40219.1
Project("{2150E333-8FDC-42A3-9474-1A3956D46DE8}") = "Entidades", "Entidades", "{02EA681E-C7D8-13C7-8484-4AC65E1B71E8}"
EndProject
Project("{2150E333-8FDC-42A3-9474-1A3956D46DE8}") = "Negocio", "Negocio", "{252C62BE-47E9-4F0E-85BB-AC5D98CA5049}"
EndProject
Project("{2150E333-8FDC-42A3-9474-1A3956D46DE8}") = "API", "API", "{D1F39D07-F59D-454C-AAF0-E8380F65B8E0}"
EndProject
Project("{2150E333-8FDC-42A3-9474-1A3956D46DE8}") = "Web", "Web", "{2CD9BE26-656C-4275-A239-D5CA06B6E9E1}"
EndProject
Project("{2150E333-8FDC-42A3-9474-1A3956D46DE8}") = "Escritorio", "Escritorio", "{ECA70BE2-5F20-4D3A-9EB8-40532B0BDCC5}"
EndProject
Project("{FAE04EC0-301F-11D3-BF4B-00C04F79EFBC}") = "AppEscritorio", "AppEscritorio\AppEscritorio.csproj", "{81336DC4-0B0A-4DD2-8D05-60AE9A76072E}"
EndProject
Project("{FAE04EC0-301F-11D3-BF4B-00C04F79EFBC}") = "AppWeb", "AppWeb\AppWeb.csproj", "{13123E4E-209D-43A6-9409-57E68C1F1044}"
EndProject
Project("{FAE04EC0-301F-11D3-BF4B-00C04F79EFBC}") = "APIServicio", "APIServicio\APIServicio.csproj", "{CF403C78-DC8F-4DE0-94CB-7E99E946C4E1}"
EndProject
Project("{2150E333-8FDC-42A3-9474-1A3956D46DE8}") = "AccesoDatos", "AccesoDatos", "{4CDF088B-AC37-47B0-9C0E-9137CC927EA7}"
EndProject
Project("{FAE04EC0-301F-11D3-BF4B-00C04F79EFBC}") = "AccesoDatos", "AccesoDatos\AccesoDatos.csproj", "{FA687B2D-DC4A-4A7D-B32F-C392A7EE51FB}"
EndProject
Project("{FAE04EC0-301F-11D3-BF4B-00C04F79EFBC}") = "Negocio", "Negocio\Negocio.csproj", "{B6E96E0B-C662-4BD5-B6D5-EC62BCD8B520}"
EndProject
Project("{FAE04EC0-301F-11D3-BF4B-00C04F79EFBC}") = "Entidades", "Entidades\Entidades.csproj", "{117ED75B-E15E-4067-A335-4FD6DA7EF053}"
EndProject
Global
	GlobalSection(SolutionConfigurationPlatforms) = preSolution
		Debug|Any CPU = Debug|Any CPU
		Release|Any CPU = Release|Any CPU
	EndGlobalSection
	GlobalSection(ProjectConfigurationPlatforms) = postSolution
		{81336DC4-0B0A-4DD2-8D05-60AE9A76072E}.Debug|Any CPU.ActiveCfg = Debug|Any CPU
		{81336DC4-0B0A-4DD2-8D05-60AE9A76072E}.Debug|Any CPU.Build.0 = Debug|Any CPU
		{81336DC4-0B0A-4DD2-8D05-60AE9A76072E}.Release|Any CPU.ActiveCfg = Release|Any CPU
		{81336DC4-0B0A-4DD2-8D05-60AE9A76072E}.Release|Any CPU.Build.0 = Release|Any CPU
		{13123E4E-209D-43A6-9409-57E68C1F1044}.Debug|Any CPU.ActiveCfg = Debug|Any CPU
		{13123E4E-209D-43A6-9409-57E68C1F1044}.Debug|Any CPU.Build.0 = Debug|Any CPU
		{13123E4E-209D-43A6-9409-57E68C1F1044}.Release|Any CPU.ActiveCfg = Release|Any CPU
		{13123E4E-209D-43A6-9409-57E68C1F1044}.Release|Any CPU.Build.0 = Release|Any CPU
		{CF403C78-DC8F-4DE0-94CB-7E99E946C4E1}.Debug|Any CPU.ActiveCfg = Debug|Any CPU
		{CF403C78-DC8F-4DE0-94CB-7E99E946C4E1}.Debug|Any CPU.Build.0 = Debug|Any CPU
		{CF403C78-DC8F-4DE0-94CB-7E99E946C4E1}.Release|Any CPU.ActiveCfg = Release|Any CPU
		{CF403C78-DC8F-4DE0-94CB-7E99E946C4E1}.Release|Any CPU.Build.0 = Release|Any CPU
		{FA687B2D-DC4A-4A7D-B32F-C392A7EE51FB}.Debug|Any CPU.ActiveCfg = Debug|Any CPU
		{FA687B2D-DC4A-4A7D-B32F-C392A7EE51FB}.Debug|Any CPU.Build.0 = Debug|Any CPU
		{FA687B2D-DC4A-4A7D-B32F-C392A7EE51FB}.Release|Any CPU.ActiveCfg = Release|Any CPU
		{FA687B2D-DC4A-4A7D-B32F-C392A7EE51FB}.Release|Any CPU.Build.0 = Release|Any CPU
		{B6E96E0B-C662-4BD5-B6D5-EC62BCD8B520}.Debug|Any CPU.ActiveCfg = Debug|Any CPU
		{B6E96E0B-C662-4BD5-B6D5-EC62BCD8B520}.Debug|Any CPU.Build.0 = Debug|Any CPU
		{B6E96E0B-C662-4BD5-B6D5-EC62BCD8B520}.Release|Any CPU.ActiveCfg = Release|Any CPU
		{B6E96E0B-C662-4BD5-B6D5-EC62BCD8B520}.Release|Any CPU.Build.0 = Release|Any CPU
		{117ED75B-E15E-4067-A335-4FD6DA7EF053}.Debug|Any CPU.ActiveCfg = Debug|Any CPU
		{117ED75B-E15E-4067-A335-4FD6DA7EF053}.Debug|Any CPU.Build.0 = Debug|Any CPU
		{117ED75B-E15E-4067-A335-4FD6DA7EF053}.Release|Any CPU.ActiveCfg = Release|Any CPU
		{117ED75B-E15E-4067-A335-4FD6DA7EF053}.Release|Any CPU.Build.0 = Release|Any CPU
	EndGlobalSection
	GlobalSection(SolutionProperties) = preSolution
		HideSolutionNode = FALSE
	EndGlobalSection
	GlobalSection(NestedProjects) = preSolution
		{81336DC4-0B0A-4DD2-8D05-60AE9A76072E} = {ECA70BE2-5F20-4D3A-9EB8-40532B0BDCC5}
		{13123E4E-209D-43A6-9409-57E68C1F1044} = {2CD9BE26-656C-4275-A239-D5CA06B6E9E1}
		{CF403C78-DC8F-4DE0-94CB-7E99E946C4E1} = {D1F39D07-F59D-454C-AAF0-E8380F65B8E0}
		{FA687B2D-DC4A-4A7D-B32F-C392A7EE51FB} = {4CDF088B-AC37-47B0-9C0E-9137CC927EA7}
		{B6E96E0B-C662-4BD5-B6D5-EC62BCD8B520} = {252C62BE-47E9-4F0E-85BB-AC5D98CA5049}
		{117ED75B-E15E-4067-A335-4FD6DA7EF053} = {02EA681E-C7D8-13C7-8484-4AC65E1B71E8}
	EndGlobalSection
	GlobalSection(ExtensibilityGlobals) = postSolution
		SolutionGuid = {8E186C34-EF0E-47DC-8515-D60CB36B5762}
	EndGlobalSection
EndGlobal
